// !$*UTF8*$!
{
	archiveVersion = 1;
	classes = {
	};
	objectVersion = 51;
	objects = {

/* Begin PBXBuildFile section */
		7F023E9AD79AA8D47338BD8C /* Pods_Swift_AppTutorials.framework in Frameworks */ = {isa = PBXBuildFile; fileRef = E94F190A6B9B6FA347F5D3F4 /* Pods_Swift_AppTutorials.framework */; };
		7F06DBF1242C769900AF9A21 /* AppDelegate.swift in Sources */ = {isa = PBXBuildFile; fileRef = 7F06DBF0242C769900AF9A21 /* AppDelegate.swift */; };
		7F06DBF5242C769900AF9A21 /* ViewController.swift in Sources */ = {isa = PBXBuildFile; fileRef = 7F06DBF4242C769900AF9A21 /* ViewController.swift */; };
		7F06DBFA242C769C00AF9A21 /* Assets.xcassets in Resources */ = {isa = PBXBuildFile; fileRef = 7F06DBF9242C769C00AF9A21 /* Assets.xcassets */; };
		7F06DBFD242C769C00AF9A21 /* LaunchScreen.storyboard in Resources */ = {isa = PBXBuildFile; fileRef = 7F06DBFB242C769C00AF9A21 /* LaunchScreen.storyboard */; };
		7F06DC05242CBDD000AF9A21 /* Main.storyboard in Resources */ = {isa = PBXBuildFile; fileRef = 7F06DC04242CBDCF00AF9A21 /* Main.storyboard */; };
		7F06DC09242CBE3100AF9A21 /* Tutorial3ViewController.swift in Sources */ = {isa = PBXBuildFile; fileRef = 7F06DC06242CBE3100AF9A21 /* Tutorial3ViewController.swift */; };
		7F06DC0A242CBE3100AF9A21 /* Tutorial1ViewController.swift in Sources */ = {isa = PBXBuildFile; fileRef = 7F06DC07242CBE3100AF9A21 /* Tutorial1ViewController.swift */; };
		7F06DC0B242CBE3100AF9A21 /* Tutorial2ViewController.swift in Sources */ = {isa = PBXBuildFile; fileRef = 7F06DC08242CBE3100AF9A21 /* Tutorial2ViewController.swift */; };
		7F06DC10242CBE8F00AF9A21 /* KJTutorial.swift in Sources */ = {isa = PBXBuildFile; fileRef = 7F06DC0D242CBE8F00AF9A21 /* KJTutorial.swift */; };
		7F06DC11242CBE8F00AF9A21 /* ClassExt.swift in Sources */ = {isa = PBXBuildFile; fileRef = 7F06DC0E242CBE8F00AF9A21 /* ClassExt.swift */; };
		7F06DC12242CBE8F00AF9A21 /* KJOverlayTutorialViewController.swift in Sources */ = {isa = PBXBuildFile; fileRef = 7F06DC0F242CBE8F00AF9A21 /* KJOverlayTutorialViewController.swift */; };
/* End PBXBuildFile section */

/* Begin PBXFileReference section */
		1BAB9392639C77402912CB5C /* Pods-Swift_AppTutorials.release.xcconfig */ = {isa = PBXFileReference; includeInIndex = 1; lastKnownFileType = text.xcconfig; name = "Pods-Swift_AppTutorials.release.xcconfig"; path = "Target Support Files/Pods-Swift_AppTutorials/Pods-Swift_AppTutorials.release.xcconfig"; sourceTree = "<group>"; };
		7F06DBED242C769900AF9A21 /* Swift_AppTutorials.app */ = {isa = PBXFileReference; explicitFileType = wrapper.application; includeInIndex = 0; path = Swift_AppTutorials.app; sourceTree = BUILT_PRODUCTS_DIR; };
		7F06DBF0242C769900AF9A21 /* AppDelegate.swift */ = {isa = PBXFileReference; lastKnownFileType = sourcecode.swift; path = AppDelegate.swift; sourceTree = "<group>"; };
		7F06DBF4242C769900AF9A21 /* ViewController.swift */ = {isa = PBXFileReference; lastKnownFileType = sourcecode.swift; path = ViewController.swift; sourceTree = "<group>"; };
		7F06DBF9242C769C00AF9A21 /* Assets.xcassets */ = {isa = PBXFileReference; lastKnownFileType = folder.assetcatalog; path = Assets.xcassets; sourceTree = "<group>"; };
		7F06DBFC242C769C00AF9A21 /* Base */ = {isa = PBXFileReference; lastKnownFileType = file.storyboard; name = Base; path = Base.lproj/LaunchScreen.storyboard; sourceTree = "<group>"; };
		7F06DBFE242C769C00AF9A21 /* Info.plist */ = {isa = PBXFileReference; lastKnownFileType = text.plist.xml; path = Info.plist; sourceTree = "<group>"; };
		7F06DC04242CBDCF00AF9A21 /* Main.storyboard */ = {isa = PBXFileReference; fileEncoding = 4; lastKnownFileType = file.storyboard; path = Main.storyboard; sourceTree = "<group>"; };
		7F06DC06242CBE3100AF9A21 /* Tutorial3ViewController.swift */ = {isa = PBXFileReference; fileEncoding = 4; lastKnownFileType = sourcecode.swift; path = Tutorial3ViewController.swift; sourceTree = "<group>"; };
		7F06DC07242CBE3100AF9A21 /* Tutorial1ViewController.swift */ = {isa = PBXFileReference; fileEncoding = 4; lastKnownFileType = sourcecode.swift; path = Tutorial1ViewController.swift; sourceTree = "<group>"; };
		7F06DC08242CBE3100AF9A21 /* Tutorial2ViewController.swift */ = {isa = PBXFileReference; fileEncoding = 4; lastKnownFileType = sourcecode.swift; path = Tutorial2ViewController.swift; sourceTree = "<group>"; };
		7F06DC0D242CBE8F00AF9A21 /* KJTutorial.swift */ = {isa = PBXFileReference; fileEncoding = 4; lastKnownFileType = sourcecode.swift; path = KJTutorial.swift; sourceTree = "<group>"; };
		7F06DC0E242CBE8F00AF9A21 /* ClassExt.swift */ = {isa = PBXFileReference; fileEncoding = 4; lastKnownFileType = sourcecode.swift; path = ClassExt.swift; sourceTree = "<group>"; };
		7F06DC0F242CBE8F00AF9A21 /* KJOverlayTutorialViewController.swift */ = {isa = PBXFileReference; fileEncoding = 4; lastKnownFileType = sourcecode.swift; path = KJOverlayTutorialViewController.swift; sourceTree = "<group>"; };
		DF658CF32A5644CBC5C36D12 /* Pods-Swift_AppTutorials.debug.xcconfig */ = {isa = PBXFileReference; includeInIndex = 1; lastKnownFileType = text.xcconfig; name = "Pods-Swift_AppTutorials.debug.xcconfig"; path = "Target Support Files/Pods-Swift_AppTutorials/Pods-Swift_AppTutorials.debug.xcconfig"; sourceTree = "<group>"; };
		E94F190A6B9B6FA347F5D3F4 /* Pods_Swift_AppTutorials.framework */ = {isa = PBXFileReference; explicitFileType = wrapper.framework; includeInIndex = 0; path = Pods_Swift_AppTutorials.framework; sourceTree = BUILT_PRODUCTS_DIR; };
/* End PBXFileReference section */

/* Begin PBXFrameworksBuildPhase section */
		7F06DBEA242C769900AF9A21 /* Frameworks */ = {
			isa = PBXFrameworksBuildPhase;
			buildActionMask = 2147483647;
			files = (
				7F023E9AD79AA8D47338BD8C /* Pods_Swift_AppTutorials.framework in Frameworks */,
			);
			runOnlyForDeploymentPostprocessing = 0;
		};
/* End PBXFrameworksBuildPhase section */

/* Begin PBXGroup section */
		5A74D577F53C56E28C7B74B5 /* Pods */ = {
			isa = PBXGroup;
			children = (
				DF658CF32A5644CBC5C36D12 /* Pods-Swift_AppTutorials.debug.xcconfig */,
				1BAB9392639C77402912CB5C /* Pods-Swift_AppTutorials.release.xcconfig */,
			);
			path = Pods;
			sourceTree = "<group>";
		};
		60298C94303448312E3B8B7C /* Frameworks */ = {
			isa = PBXGroup;
			children = (
				E94F190A6B9B6FA347F5D3F4 /* Pods_Swift_AppTutorials.framework */,
			);
			name = Frameworks;
			sourceTree = "<group>";
		};
		7F06DBE4242C769900AF9A21 = {
			isa = PBXGroup;
			children = (
				7F06DBEF242C769900AF9A21 /* Swift_AppTutorials */,
				7F06DBEE242C769900AF9A21 /* Products */,
				5A74D577F53C56E28C7B74B5 /* Pods */,
				60298C94303448312E3B8B7C /* Frameworks */,
			);
			sourceTree = "<group>";
		};
		7F06DBEE242C769900AF9A21 /* Products */ = {
			isa = PBXGroup;
			children = (
				7F06DBED242C769900AF9A21 /* Swift_AppTutorials.app */,
			);
			name = Products;
			sourceTree = "<group>";
		};
		7F06DBEF242C769900AF9A21 /* Swift_AppTutorials */ = {
			isa = PBXGroup;
			children = (
				7F06DBF0242C769900AF9A21 /* AppDelegate.swift */,
				7F06DBF4242C769900AF9A21 /* ViewController.swift */,
				7F06DC07242CBE3100AF9A21 /* Tutorial1ViewController.swift */,
				7F06DC08242CBE3100AF9A21 /* Tutorial2ViewController.swift */,
				7F06DC06242CBE3100AF9A21 /* Tutorial3ViewController.swift */,
				7F06DC0C242CBE7F00AF9A21 /* Common */,
				7F06DBF9242C769C00AF9A21 /* Assets.xcassets */,
				7F06DC04242CBDCF00AF9A21 /* Main.storyboard */,
				7F06DBFB242C769C00AF9A21 /* LaunchScreen.storyboard */,
				7F06DBFE242C769C00AF9A21 /* Info.plist */,
			);
			path = Swift_AppTutorials;
			sourceTree = "<group>";
		};
		7F06DC0C242CBE7F00AF9A21 /* Common */ = {
			isa = PBXGroup;
			children = (
				7F06DC0E242CBE8F00AF9A21 /* ClassExt.swift */,
				7F06DC0F242CBE8F00AF9A21 /* KJOverlayTutorialViewController.swift */,
				7F06DC0D242CBE8F00AF9A21 /* KJTutorial.swift */,
			);
			path = Common;
			sourceTree = "<group>";
		};
/* End PBXGroup section */

/* Begin PBXNativeTarget section */
		7F06DBEC242C769900AF9A21 /* Swift_AppTutorials */ = {
			isa = PBXNativeTarget;
			buildConfigurationList = 7F06DC01242C769C00AF9A21 /* Build configuration list for PBXNativeTarget "Swift_AppTutorials" */;
			buildPhases = (
				3503ED9C49ABE7FC7D55D443 /* [CP] Check Pods Manifest.lock */,
				7F06DBE9242C769900AF9A21 /* Sources */,
				7F06DBEA242C769900AF9A21 /* Frameworks */,
				7F06DBEB242C769900AF9A21 /* Resources */,
				155EB07B78478EC8A8C1BDAC /* [CP] Embed Pods Frameworks */,
			);
			buildRules = (
			);
			dependencies = (
			);
			name = Swift_AppTutorials;
			productName = Swift_AppTutorials;
			productReference = 7F06DBED242C769900AF9A21 /* Swift_AppTutorials.app */;
			productType = "com.apple.product-type.application";
		};
/* End PBXNativeTarget section */

/* Begin PBXProject section */
		7F06DBE5242C769900AF9A21 /* Project object */ = {
			isa = PBXProject;
			attributes = {
				LastSwiftUpdateCheck = 1130;
				LastUpgradeCheck = 1130;
				ORGANIZATIONNAME = WeKanCode;
				TargetAttributes = {
					7F06DBEC242C769900AF9A21 = {
						CreatedOnToolsVersion = 11.3.1;
					};
				};
			};
			buildConfigurationList = 7F06DBE8242C769900AF9A21 /* Build configuration list for PBXProject "Swift_AppTutorials" */;
			compatibilityVersion = "Xcode 9.3";
			developmentRegion = en;
			hasScannedForEncodings = 0;
			knownRegions = (
				en,
				Base,
			);
			mainGroup = 7F06DBE4242C769900AF9A21;
			productRefGroup = 7F06DBEE242C769900AF9A21 /* Products */;
			projectDirPath = "";
			projectRoot = "";
			targets = (
				7F06DBEC242C769900AF9A21 /* Swift_AppTutorials */,
			);
		};
/* End PBXProject section */

/* Begin PBXResourcesBuildPhase section */
		7F06DBEB242C769900AF9A21 /* Resources */ = {
			isa = PBXResourcesBuildPhase;
			buildActionMask = 2147483647;
			files = (
				7F06DC05242CBDD000AF9A21 /* Main.storyboard in Resources */,
				7F06DBFD242C769C00AF9A21 /* LaunchScreen.storyboard in Resources */,
				7F06DBFA242C769C00AF9A21 /* Assets.xcassets in Resources */,
			);
			runOnlyForDeploymentPostprocessing = 0;
		};
/* End PBXResourcesBuildPhase section */

/* Begin PBXShellScriptBuildPhase section */
		155EB07B78478EC8A8C1BDAC /* [CP] Embed Pods Frameworks */ = {
			isa = PBXShellScriptBuildPhase;
			buildActionMask = 2147483647;
			files = (
			);
			inputFileListPaths = (
				"${PODS_ROOT}/Target Support Files/Pods-Swift_AppTutorials/Pods-Swift_AppTutorials-frameworks-${CONFIGURATION}-input-files.xcfilelist",
			);
			name = "[CP] Embed Pods Frameworks";
			outputFileListPaths = (
				"${PODS_ROOT}/Target Support Files/Pods-Swift_AppTutorials/Pods-Swift_AppTutorials-frameworks-${CONFIGURATION}-output-files.xcfilelist",
			);
			runOnlyForDeploymentPostprocessing = 0;
			shellPath = /bin/sh;
			shellScript = "\"${PODS_ROOT}/Target Support Files/Pods-Swift_AppTutorials/Pods-Swift_AppTutorials-frameworks.sh\"\n";
			showEnvVarsInLog = 0;
		};
		3503ED9C49ABE7FC7D55D443 /* [CP] Check Pods Manifest.lock */ = {
			isa = PBXShellScriptBuildPhase;
			buildActionMask = 2147483647;
			files = (
			);
			inputFileListPaths = (
			);
			inputPaths = (
				"${PODS_PODFILE_DIR_PATH}/Podfile.lock",
				"${PODS_ROOT}/Manifest.lock",
			);
			name = "[CP] Check Pods Manifest.lock";
			outputFileListPaths = (
			);
			outputPaths = (
				"$(DERIVED_FILE_DIR)/Pods-Swift_AppTutorials-checkManifestLockResult.txt",
			);
			runOnlyForDeploymentPostprocessing = 0;
			shellPath = /bin/sh;
			shellScript = "diff \"${PODS_PODFILE_DIR_PATH}/Podfile.lock\" \"${PODS_ROOT}/Manifest.lock\" > /dev/null\nif [ $? != 0 ] ; then\n    # print error to STDERR\n    echo \"error: The sandbox is not in sync with the Podfile.lock. Run 'pod install' or update your CocoaPods installation.\" >&2\n    exit 1\nfi\n# This output is used by Xcode 'outputs' to avoid re-running this script phase.\necho \"SUCCESS\" > \"${SCRIPT_OUTPUT_FILE_0}\"\n";
			showEnvVarsInLog = 0;
		};
/* End PBXShellScriptBuildPhase section */

/* Begin PBXSourcesBuildPhase section */
		7F06DBE9242C769900AF9A21 /* Sources */ = {
			isa = PBXSourcesBuildPhase;
			buildActionMask = 2147483647;
			files = (
				7F06DC11242CBE8F00AF9A21 /* ClassExt.swift in Sources */,
				7F06DC10242CBE8F00AF9A21 /* KJTutorial.swift in Sources */,
				7F06DC12242CBE8F00AF9A21 /* KJOverlayTutorialViewController.swift in Sources */,
				7F06DC0A242CBE3100AF9A21 /* Tutorial1ViewController.swift in Sources */,
				7F06DC0B242CBE3100AF9A21 /* Tutorial2ViewController.swift in Sources */,
				7F06DBF5242C769900AF9A21 /* ViewController.swift in Sources */,
				7F06DC09242CBE3100AF9A21 /* Tutorial3ViewController.swift in Sources */,
				7F06DBF1242C769900AF9A21 /* AppDelegate.swift in Sources */,
			);
			runOnlyForDeploymentPostprocessing = 0;
		};
/* End PBXSourcesBuildPhase section */

/* Begin PBXVariantGroup section */
		7F06DBFB242C769C00AF9A21 /* LaunchScreen.storyboard */ = {
			isa = PBXVariantGroup;
			children = (
				7F06DBFC242C769C00AF9A21 /* Base */,
			);
			name = LaunchScreen.storyboard;
			sourceTree = "<group>";
		};
/* End PBXVariantGroup section */

/* Begin XCBuildConfiguration section */
		7F06DBFF242C769C00AF9A21 /* Debug */ = {
			isa = XCBuildConfiguration;
			buildSettings = {
				ALWAYS_SEARCH_USER_PATHS = NO;
				CLANG_ANALYZER_NONNULL = YES;
				CLANG_ANALYZER_NUMBER_OBJECT_CONVERSION = YES_AGGRESSIVE;
				CLANG_CXX_LANGUAGE_STANDARD = "gnu++14";
				CLANG_CXX_LIBRARY = "libc++";
				CLANG_ENABLE_MODULES = YES;
				CLANG_ENABLE_OBJC_ARC = YES;
				CLANG_ENABLE_OBJC_WEAK = YES;
				CLANG_WARN_BLOCK_CAPTURE_AUTORELEASING = YES;
				CLANG_WARN_BOOL_CONVERSION = YES;
				CLANG_WARN_COMMA = YES;
				CLANG_WARN_CONSTANT_CONVERSION = YES;
				CLANG_WARN_DEPRECATED_OBJC_IMPLEMENTATIONS = YES;
				CLANG_WARN_DIRECT_OBJC_ISA_USAGE = YES_ERROR;
				CLANG_WARN_DOCUMENTATION_COMMENTS = YES;
				CLANG_WARN_EMPTY_BODY = YES;
				CLANG_WARN_ENUM_CONVERSION = YES;
				CLANG_WARN_INFINITE_RECURSION = YES;
				CLANG_WARN_INT_CONVERSION = YES;
				CLANG_WARN_NON_LITERAL_NULL_CONVERSION = YES;
				CLANG_WARN_OBJC_IMPLICIT_RETAIN_SELF = YES;
				CLANG_WARN_OBJC_LITERAL_CONVERSION = YES;
				CLANG_WARN_OBJC_ROOT_CLASS = YES_ERROR;
				CLANG_WARN_RANGE_LOOP_ANALYSIS = YES;
				CLANG_WARN_STRICT_PROTOTYPES = YES;
				CLANG_WARN_SUSPICIOUS_MOVE = YES;
				CLANG_WARN_UNGUARDED_AVAILABILITY = YES_AGGRESSIVE;
				CLANG_WARN_UNREACHABLE_CODE = YES;
				CLANG_WARN__DUPLICATE_METHOD_MATCH = YES;
				COPY_PHASE_STRIP = NO;
				DEBUG_INFORMATION_FORMAT = dwarf;
				ENABLE_STRICT_OBJC_MSGSEND = YES;
				ENABLE_TESTABILITY = YES;
				GCC_C_LANGUAGE_STANDARD = gnu11;
				GCC_DYNAMIC_NO_PIC = NO;
				GCC_NO_COMMON_BLOCKS = YES;
				GCC_OPTIMIZATION_LEVEL = 0;
				GCC_PREPROCESSOR_DEFINITIONS = (
					"DEBUG=1",
					"$(inherited)",
				);
				GCC_WARN_64_TO_32_BIT_CONVERSION = YES;
				GCC_WARN_ABOUT_RETURN_TYPE = YES_ERROR;
				GCC_WARN_UNDECLARED_SELECTOR = YES;
				GCC_WARN_UNINITIALIZED_AUTOS = YES_AGGRESSIVE;
				GCC_WARN_UNUSED_FUNCTION = YES;
				GCC_WARN_UNUSED_VARIABLE = YES;
				IPHONEOS_DEPLOYMENT_TARGET = 13.2;
				MTL_ENABLE_DEBUG_INFO = INCLUDE_SOURCE;
				MTL_FAST_MATH = YES;
				ONLY_ACTIVE_ARCH = YES;
				SDKROOT = iphoneos;
				SWIFT_ACTIVE_COMPILATION_CONDITIONS = DEBUG;
				SWIFT_OPTIMIZATION_LEVEL = "-Onone";
			};
			name = Debug;
		};
		7F06DC00242C769C00AF9A21 /* Release */ = {
			isa = XCBuildConfiguration;
			buildSettings = {
				ALWAYS_SEARCH_USER_PATHS = NO;
				CLANG_ANALYZER_NONNULL = YES;
				CLANG_ANALYZER_NUMBER_OBJECT_CONVERSION = YES_AGGRESSIVE;
				CLANG_CXX_LANGUAGE_STANDARD = "gnu++14";
				CLANG_CXX_LIBRARY = "libc++";
				CLANG_ENABLE_MODULES = YES;
				CLANG_ENABLE_OBJC_ARC = YES;
				CLANG_ENABLE_OBJC_WEAK = YES;
				CLANG_WARN_BLOCK_CAPTURE_AUTORELEASING = YES;
				CLANG_WARN_BOOL_CONVERSION = YES;
				CLANG_WARN_COMMA = YES;
				CLANG_WARN_CONSTANT_CONVERSION = YES;
				CLANG_WARN_DEPRECATED_OBJC_IMPLEMENTATIONS = YES;
				CLANG_WARN_DIRECT_OBJC_ISA_USAGE = YES_ERROR;
				CLANG_WARN_DOCUMENTATION_COMMENTS = YES;
				CLANG_WARN_EMPTY_BODY = YES;
				CLANG_WARN_ENUM_CONVERSION = YES;
				CLANG_WARN_INFINITE_RECURSION = YES;
				CLANG_WARN_INT_CONVERSION = YES;
				CLANG_WARN_NON_LITERAL_NULL_CONVERSION = YES;
				CLANG_WARN_OBJC_IMPLICIT_RETAIN_SELF = YES;
				CLANG_WARN_OBJC_LITERAL_CONVERSION = YES;
				CLANG_WARN_OBJC_ROOT_CLASS = YES_ERROR;
				CLANG_WARN_RANGE_LOOP_ANALYSIS = YES;
				CLANG_WARN_STRICT_PROTOTYPES = YES;
				CLANG_WARN_SUSPICIOUS_MOVE = YES;
				CLANG_WARN_UNGUARDED_AVAILABILITY = YES_AGGRESSIVE;
				CLANG_WARN_UNREACHABLE_CODE = YES;
				CLANG_WARN__DUPLICATE_METHOD_MATCH = YES;
				COPY_PHASE_STRIP = NO;
				DEBUG_INFORMATION_FORMAT = "dwarf-with-dsym";
				ENABLE_NS_ASSERTIONS = NO;
				ENABLE_STRICT_OBJC_MSGSEND = YES;
				GCC_C_LANGUAGE_STANDARD = gnu11;
				GCC_NO_COMMON_BLOCKS = YES;
				GCC_WARN_64_TO_32_BIT_CONVERSION = YES;
				GCC_WARN_ABOUT_RETURN_TYPE = YES_ERROR;
				GCC_WARN_UNDECLARED_SELECTOR = YES;
				GCC_WARN_UNINITIALIZED_AUTOS = YES_AGGRESSIVE;
				GCC_WARN_UNUSED_FUNCTION = YES;
				GCC_WARN_UNUSED_VARIABLE = YES;
				IPHONEOS_DEPLOYMENT_TARGET = 13.2;
				MTL_ENABLE_DEBUG_INFO = NO;
				MTL_FAST_MATH = YES;
				SDKROOT = iphoneos;
				SWIFT_COMPILATION_MODE = wholemodule;
				SWIFT_OPTIMIZATION_LEVEL = "-O";
				VALIDATE_PRODUCT = YES;
			};
			name = Release;
		};
		7F06DC02242C769C00AF9A21 /* Debug */ = {
			isa = XCBuildConfiguration;
			baseConfigurationReference = DF658CF32A5644CBC5C36D12 /* Pods-Swift_AppTutorials.debug.xcconfig */;
			buildSettings = {
				ASSETCATALOG_COMPILER_APPICON_NAME = AppIcon;
				CODE_SIGN_STYLE = Automatic;
				DEVELOPMENT_TEAM = H972GMBYZ9;
				INFOPLIST_FILE = Swift_AppTutorials/Info.plist;
				LD_RUNPATH_SEARCH_PATHS = (
					"$(inherited)",
					"@executable_path/Frameworks",
				);
				PRODUCT_BUNDLE_IDENTIFIER = "com.wekancode.Swift-AppTutorials";
				PRODUCT_NAME = "$(TARGET_NAME)";
				SWIFT_VERSION = 5.0;
				TARGETED_DEVICE_FAMILY = "1,2";
			};
			name = Debug;
		};
		7F06DC03242C769C00AF9A21 /* Release */ = {
			isa = XCBuildConfiguration;
			baseConfigurationReference = 1BAB9392639C77402912CB5C /* Pods-Swift_AppTutorials.release.xcconfig */;
			buildSettings = {
				ASSETCATALOG_COMPILER_APPICON_NAME = AppIcon;
				CODE_SIGN_STYLE = Automatic;
				DEVELOPMENT_TEAM = H972GMBYZ9;
				INFOPLIST_FILE = Swift_AppTutorials/Info.plist;
				LD_RUNPATH_SEARCH_PATHS = (
					"$(inherited)",
					"@executable_path/Frameworks",
				);
				PRODUCT_BUNDLE_IDENTIFIER = "com.wekancode.Swift-AppTutorials";
				PRODUCT_NAME = "$(TARGET_NAME)";
				SWIFT_VERSION = 5.0;
				TARGETED_DEVICE_FAMILY = "1,2";
			};
			name = Release;
		};
/* End XCBuildConfiguration section */

/* Begin XCConfigurationList section */
		7F06DBE8242C769900AF9A21 /* Build configuration list for PBXProject "Swift_AppTutorials" */ = {
			isa = XCConfigurationList;
			buildConfigurations = (
				7F06DBFF242C769C00AF9A21 /* Debug */,
				7F06DC00242C769C00AF9A21 /* Release */,
			);
			defaultConfigurationIsVisible = 0;
			defaultConfigurationName = Release;
		};
		7F06DC01242C769C00AF9A21 /* Build configuration list for PBXNativeTarget "Swift_AppTutorials" */ = {
			isa = XCConfigurationList;
			buildConfigurations = (
				7F06DC02242C769C00AF9A21 /* Debug */,
				7F06DC03242C769C00AF9A21 /* Release */,
			);
			defaultConfigurationIsVisible = 0;
			defaultConfigurationName = Release;
		};
/* End XCConfigurationList section */
	};
	rootObject = 7F06DBE5242C769900AF9A21 /* Project object */;
}
